
Microsoft Visual Studio Solution File, Format Version 12.00
# Visual Studio Version 16
VisualStudioVersion = 16.0.30309.148
MinimumVisualStudioVersion = 10.0.40219.1
Project("{FAE04EC0-301F-11D3-BF4B-00C04F79EFBC}") = "Part 5 Ifs", "Part 5 Ifs\Part 5 Ifs.csproj", "{C3B86A04-89B5-4E3B-A920-7BD3041C3DA2}"
EndProject
Global
	GlobalSection(SolutionConfigurationPlatforms) = preSolution
		Debug|Any CPU = Debug|Any CPU
		Release|Any CPU = Release|Any CPU
	EndGlobalSection
	GlobalSection(ProjectConfigurationPlatforms) = postSolution
		{C3B86A04-89B5-4E3B-A920-7BD3041C3DA2}.Debug|Any CPU.ActiveCfg = Debug|Any CPU
		{C3B86A04-89B5-4E3B-A920-7BD3041C3DA2}.Debug|Any CPU.Build.0 = Debug|Any CPU
		{C3B86A04-89B5-4E3B-A920-7BD3041C3DA2}.Release|Any CPU.ActiveCfg = Release|Any CPU
		{C3B86A04-89B5-4E3B-A920-7BD3041C3DA2}.Release|Any CPU.Build.0 = Release|Any CPU
	EndGlobalSection
	GlobalSection(SolutionProperties) = preSolution
		HideSolutionNode = FALSE
	EndGlobalSection
	GlobalSection(ExtensibilityGlobals) = postSolution
		SolutionGuid = {170F82DB-156F-4D3A-853A-D3614F3E080F}
	EndGlobalSection
EndGlobal
